{
  "name": "shah-nawaz-react-vite-portfolio",
  "version": "1.0.0",
  "lockfileVersion": 3,
  "requires": true,
  "packages": {
    "": {
      "name": "shah-nawaz-react-vite-portfolio",
      "version": "1.0.0",
      "dependencies": {
        "react": "18.3.1",
        "react-dom": "18.3.1",
        "vite": "6.0.5",
        "framer-motion": "11.15.0",
        "lucide-react": "0.468.0"
      },
      "devDependencies": {
        "@vitejs/plugin-react": "4.3.4"
      }
    }
  }
}